Microsoft Visual Studio Solution File, Format Version 12.00
# Visual Studio Version 17
VisualStudioVersion = 17.5.2.0
MinimumVisualStudioVersion = 10.0.40219.1
Project("{FAE04EC0-301F-11D3-BF4B-00C04F79EFBC}") = "ci-demo", "ci-demo.csproj", "{885A7A3F-3A80-2AFF-2356-6080048F1E63}"
EndProject
Global
	GlobalSection(SolutionConfigurationPlatforms) = preSolution
		Debug|Any CPU = Debug|Any CPU
		Release|Any CPU = Release|Any CPU
	EndGlobalSection
	GlobalSection(ProjectConfigurationPlatforms) = postSolution
		{885A7A3F-3A80-2AFF-2356-6080048F1E63}.Debug|Any CPU.ActiveCfg = Debug|Any CPU
		{885A7A3F-3A80-2AFF-2356-6080048F1E63}.Debug|Any CPU.Build.0 = Debug|Any CPU
		{885A7A3F-3A80-2AFF-2356-6080048F1E63}.Release|Any CPU.ActiveCfg = Release|Any CPU
		{885A7A3F-3A80-2AFF-2356-6080048F1E63}.Release|Any CPU.Build.0 = Release|Any CPU
	EndGlobalSection
	GlobalSection(SolutionProperties) = preSolution
		HideSolutionNode = FALSE
	EndGlobalSection
	GlobalSection(ExtensibilityGlobals) = postSolution
		SolutionGuid = {DF547A38-154E-42DD-86CE-5397C1A4F998}
	EndGlobalSection
EndGlobal
